
Microsoft Visual Studio Solution File, Format Version 12.00
# Visual Studio Version 17
VisualStudioVersion = 17.4.33027.239
MinimumVisualStudioVersion = 10.0.40219.1
Project("{FAE04EC0-301F-11D3-BF4B-00C04F79EFBC}") = "WalletSystem.Test", "WalletSystem.Test\WalletSystem.Test.csproj", "{0BDD9AB4-8F29-43C4-85F8-12ED227FD5B1}"
EndProject
Project("{FAE04EC0-301F-11D3-BF4B-00C04F79EFBC}") = "WalletSystem.Data", "WalletSystem.Data\WalletSystem.Data.csproj", "{77878F5D-BFCF-4AE5-A693-FD7F63E1B7EF}"
EndProject
Project("{FAE04EC0-301F-11D3-BF4B-00C04F79EFBC}") = "WalletSystem.Core", "WalletSystem.Core\WalletSystem.Core.csproj", "{B78F7DD7-BE0A-42A3-8030-67C9766CB153}"
EndProject
Project("{FAE04EC0-301F-11D3-BF4B-00C04F79EFBC}") = "WalletSystem", "WalletSystem\WalletSystem.csproj", "{C5DFF7C1-833D-4088-A159-3802EDB4F463}"
EndProject
Global
	GlobalSection(SolutionConfigurationPlatforms) = preSolution
		Debug|Any CPU = Debug|Any CPU
		Release|Any CPU = Release|Any CPU
	EndGlobalSection
	GlobalSection(ProjectConfigurationPlatforms) = postSolution
		{0BDD9AB4-8F29-43C4-85F8-12ED227FD5B1}.Debug|Any CPU.ActiveCfg = Debug|Any CPU
		{0BDD9AB4-8F29-43C4-85F8-12ED227FD5B1}.Debug|Any CPU.Build.0 = Debug|Any CPU
		{0BDD9AB4-8F29-43C4-85F8-12ED227FD5B1}.Release|Any CPU.ActiveCfg = Release|Any CPU
		{0BDD9AB4-8F29-43C4-85F8-12ED227FD5B1}.Release|Any CPU.Build.0 = Release|Any CPU
		{77878F5D-BFCF-4AE5-A693-FD7F63E1B7EF}.Debug|Any CPU.ActiveCfg = Debug|Any CPU
		{77878F5D-BFCF-4AE5-A693-FD7F63E1B7EF}.Debug|Any CPU.Build.0 = Debug|Any CPU
		{77878F5D-BFCF-4AE5-A693-FD7F63E1B7EF}.Release|Any CPU.ActiveCfg = Release|Any CPU
		{77878F5D-BFCF-4AE5-A693-FD7F63E1B7EF}.Release|Any CPU.Build.0 = Release|Any CPU
		{B78F7DD7-BE0A-42A3-8030-67C9766CB153}.Debug|Any CPU.ActiveCfg = Debug|Any CPU
		{B78F7DD7-BE0A-42A3-8030-67C9766CB153}.Debug|Any CPU.Build.0 = Debug|Any CPU
		{B78F7DD7-BE0A-42A3-8030-67C9766CB153}.Release|Any CPU.ActiveCfg = Release|Any CPU
		{B78F7DD7-BE0A-42A3-8030-67C9766CB153}.Release|Any CPU.Build.0 = Release|Any CPU
		{C5DFF7C1-833D-4088-A159-3802EDB4F463}.Debug|Any CPU.ActiveCfg = Debug|Any CPU
		{C5DFF7C1-833D-4088-A159-3802EDB4F463}.Debug|Any CPU.Build.0 = Debug|Any CPU
		{C5DFF7C1-833D-4088-A159-3802EDB4F463}.Release|Any CPU.ActiveCfg = Release|Any CPU
		{C5DFF7C1-833D-4088-A159-3802EDB4F463}.Release|Any CPU.Build.0 = Release|Any CPU
	EndGlobalSection
	GlobalSection(SolutionProperties) = preSolution
		HideSolutionNode = FALSE
	EndGlobalSection
	GlobalSection(ExtensibilityGlobals) = postSolution
		SolutionGuid = {8E844CFD-FAD5-486E-BB05-486C5F837464}
	EndGlobalSection
EndGlobal
